{
  "nodes": {
    "black-terminal": {
      "locked": {
        "lastModified": 1765686758,
        "narHash": "sha256-mLbsGx/tD+rn1zKB0Oi3dpzpE0D5EBqOqwqQvNTSJuM=",
        "owner": "luisnquin",
        "repo": "black-terminal",
        "rev": "c503c036694ebb75b2b14c44b86665a481b325e7",
        "type": "github"
      },
      "original": {
        "owner": "luisnquin",
        "repo": "black-terminal",
        "type": "github"
      }
    },
    "cuda-legacy": {
      "inputs": {
        "flake-parts": [
          "jetpack",
          "cuda-legacy"
        ],
        "nixpkgs": [
          "jetpack",
          "nixpkgs"
        ]
      },
      "locked": {
        "lastModified": 1762806692,
        "narHash": "sha256-JhgQIwJe0U2vxj+pu+Sgm+VLgNqucpXtZYGKZOgkQdc=",
        "owner": "nixos-cuda",
        "repo": "cuda-legacy",
        "rev": "9856d70acc3e2ae9081930b33d946326e07f1482",
        "type": "github"
      },
      "original": {
        "owner": "nixos-cuda",
        "repo": "cuda-legacy",
        "type": "github"
      }
    },
    "disko": {
      "inputs": {
        "nixpkgs": [
          "nixpkgs"
        ]
      },
      "locked": {
        "lastModified": 1762276996,
        "narHash": "sha256-TtcPgPmp2f0FAnc+DMEw4ardEgv1SGNR3/WFGH0N19M=",
        "owner": "nix-community",
        "repo": "disko",
        "rev": "af087d076d3860760b3323f6b583f4d828c1ac17",
        "type": "github"
      },
      "original": {
        "owner": "nix-community",
        "repo": "disko",
        "type": "github"
      }
    },
    "jetpack": {
      "inputs": {
        "cuda-legacy": "cuda-legacy",
        "nixpkgs": [
          "nixpkgs"
        ]
      },
      "locked": {
        "lastModified": 1763139565,
        "narHash": "sha256-Y6egKi46ui+26iUlfd71SjND3dHO2TDsn7Y5AeuQ+Ek=",
        "owner": "anduril",
        "repo": "jetpack-nixos",
        "rev": "f538b3b3b0cb7d42ed34c0841af262e74c3c7066",
        "type": "github"
      },
      "original": {
        "owner": "anduril",
        "ref": "master",
        "repo": "jetpack-nixos",
        "type": "github"
      }
    },
    "nixpkgs": {
      "locked": {
        "lastModified": 1766687554,
        "narHash": "sha256-DegN7KD/EtFSKXf2jvqL6lvev6GlfAAatYBcRC8goEo=",
        "owner": "nixos",
        "repo": "nixpkgs",
        "rev": "fd0ca39c92fdb4012ed8d60e1683c26fddadd136",
        "type": "github"
      },
      "original": {
        "owner": "nixos",
        "ref": "nixos-25.05",
        "repo": "nixpkgs",
        "type": "github"
      }
    },
    "root": {
      "inputs": {
        "black-terminal": "black-terminal",
        "disko": "disko",
        "jetpack": "jetpack",
        "nixpkgs": "nixpkgs"
      }
    }
  },
  "root": "root",
  "version": 7
}
